
Microsoft Visual Studio Solution File, Format Version 12.00
# Visual Studio Version 16
VisualStudioVersion = 16.0.810.19
MinimumVisualStudioVersion = 10.0.40219.1
Project("{FAE04EC0-301F-11D3-BF4B-00C04F79EFBC}") = "HometasksCsharpIntro", "HometasksCsharpIntro\HometasksCsharpIntro.csproj", "{A38A811C-5588-421B-BCB6-17DB4F0382ED}"
EndProject
Global
	GlobalSection(SolutionConfigurationPlatforms) = preSolution
		Debug|Any CPU = Debug|Any CPU
		Release|Any CPU = Release|Any CPU
	EndGlobalSection
	GlobalSection(ProjectConfigurationPlatforms) = postSolution
		{A38A811C-5588-421B-BCB6-17DB4F0382ED}.Debug|Any CPU.ActiveCfg = Debug|Any CPU
		{A38A811C-5588-421B-BCB6-17DB4F0382ED}.Debug|Any CPU.Build.0 = Debug|Any CPU
		{A38A811C-5588-421B-BCB6-17DB4F0382ED}.Release|Any CPU.ActiveCfg = Release|Any CPU
		{A38A811C-5588-421B-BCB6-17DB4F0382ED}.Release|Any CPU.Build.0 = Release|Any CPU
	EndGlobalSection
	GlobalSection(SolutionProperties) = preSolution
		HideSolutionNode = FALSE
	EndGlobalSection
	GlobalSection(ExtensibilityGlobals) = postSolution
		SolutionGuid = {0B296EA5-162A-4B16-A1EC-90704F720469}
	EndGlobalSection
EndGlobal
